
Microsoft Visual Studio Solution File, Format Version 12.00
# Visual Studio Version 16
VisualStudioVersion = 16.0.30804.86
MinimumVisualStudioVersion = 10.0.40219.1
Project("{9A19103F-16F7-4668-BE54-9A1E7A4F7556}") = "SubmitSupportRequest", "SubmitSupportRequest.csproj", "{992E8749-D8D3-498A-87DA-689198EC9CBF}"
EndProject
Project("{9A19103F-16F7-4668-BE54-9A1E7A4F7556}") = "HelpDeskService", "..\HelpDeskService\HelpDeskService.csproj", "{21930505-9E05-4C9D-A118-77DDFD20AAFB}"
EndProject
Project("{9A19103F-16F7-4668-BE54-9A1E7A4F7556}") = "EmailService", "..\EmailService\EmailService.csproj", "{8CB85D85-E1B5-4971-A46D-AB179A552B20}"
EndProject
Global
	GlobalSection(SolutionConfigurationPlatforms) = preSolution
		Debug|Any CPU = Debug|Any CPU
		Release|Any CPU = Release|Any CPU
	EndGlobalSection
	GlobalSection(ProjectConfigurationPlatforms) = postSolution
		{992E8749-D8D3-498A-87DA-689198EC9CBF}.Debug|Any CPU.ActiveCfg = Debug|Any CPU
		{992E8749-D8D3-498A-87DA-689198EC9CBF}.Debug|Any CPU.Build.0 = Debug|Any CPU
		{992E8749-D8D3-498A-87DA-689198EC9CBF}.Release|Any CPU.ActiveCfg = Release|Any CPU
		{992E8749-D8D3-498A-87DA-689198EC9CBF}.Release|Any CPU.Build.0 = Release|Any CPU
		{21930505-9E05-4C9D-A118-77DDFD20AAFB}.Debug|Any CPU.ActiveCfg = Debug|Any CPU
		{21930505-9E05-4C9D-A118-77DDFD20AAFB}.Debug|Any CPU.Build.0 = Debug|Any CPU
		{21930505-9E05-4C9D-A118-77DDFD20AAFB}.Release|Any CPU.ActiveCfg = Release|Any CPU
		{21930505-9E05-4C9D-A118-77DDFD20AAFB}.Release|Any CPU.Build.0 = Release|Any CPU
		{8CB85D85-E1B5-4971-A46D-AB179A552B20}.Debug|Any CPU.ActiveCfg = Debug|Any CPU
		{8CB85D85-E1B5-4971-A46D-AB179A552B20}.Debug|Any CPU.Build.0 = Debug|Any CPU
		{8CB85D85-E1B5-4971-A46D-AB179A552B20}.Release|Any CPU.ActiveCfg = Release|Any CPU
		{8CB85D85-E1B5-4971-A46D-AB179A552B20}.Release|Any CPU.Build.0 = Release|Any CPU
	EndGlobalSection
	GlobalSection(SolutionProperties) = preSolution
		HideSolutionNode = FALSE
	EndGlobalSection
	GlobalSection(ExtensibilityGlobals) = postSolution
		SolutionGuid = {8166E890-B006-411D-8B48-86579B33C61E}
	EndGlobalSection
EndGlobal
